
Microsoft Visual Studio Solution File, Format Version 12.00
# Visual Studio Version 17
VisualStudioVersion = 17.10.35027.167
MinimumVisualStudioVersion = 10.0.40219.1
Project("{FAE04EC0-301F-11D3-BF4B-00C04F79EFBC}") = "CRUBBN", "CRUBBN\CRUBBN.csproj", "{991731A3-802A-450C-B1ED-9D99986E87EE}"
EndProject
Global
	GlobalSection(SolutionConfigurationPlatforms) = preSolution
		Debug|Any CPU = Debug|Any CPU
		Release|Any CPU = Release|Any CPU
	EndGlobalSection
	GlobalSection(ProjectConfigurationPlatforms) = postSolution
		{991731A3-802A-450C-B1ED-9D99986E87EE}.Debug|Any CPU.ActiveCfg = Debug|Any CPU
		{991731A3-802A-450C-B1ED-9D99986E87EE}.Debug|Any CPU.Build.0 = Debug|Any CPU
		{991731A3-802A-450C-B1ED-9D99986E87EE}.Release|Any CPU.ActiveCfg = Release|Any CPU
		{991731A3-802A-450C-B1ED-9D99986E87EE}.Release|Any CPU.Build.0 = Release|Any CPU
	EndGlobalSection
	GlobalSection(SolutionProperties) = preSolution
		HideSolutionNode = FALSE
	EndGlobalSection
	GlobalSection(ExtensibilityGlobals) = postSolution
		SolutionGuid = {FE6A50B3-BCD8-4CE6-8879-2C0C3A16F97B}
	EndGlobalSection
EndGlobal
